
Microsoft Visual Studio Solution File, Format Version 11.00
# Visual Studio 2010
Project("{FAE04EC0-301F-11D3-BF4B-00C04F79EFBC}") = "Don't Die GEIV", "Assembly-CSharp.csproj", "{036D543F-DF4E-D474-9928-D3E6C255BE45}"
EndProject
Project("{FAE04EC0-301F-11D3-BF4B-00C04F79EFBC}") = "Don't Die GEIV", "Assembly-CSharp-firstpass.csproj", "{1F9855E5-79DC-5DC1-CD3C-91FD3EB78B69}"
EndProject
Project("{FAE04EC0-301F-11D3-BF4B-00C04F79EFBC}") = "Don't Die GEIV", "Assembly-CSharp-Editor-firstpass.csproj", "{C3E11C25-1ADC-4A4C-80D2-70F7A0AC93C5}"
EndProject
Global
	GlobalSection(SolutionConfigurationPlatforms) = preSolution
		Debug|Any CPU = Debug|Any CPU
		Release|Any CPU = Release|Any CPU
	EndGlobalSection
	GlobalSection(ProjectConfigurationPlatforms) = postSolution
		{036D543F-DF4E-D474-9928-D3E6C255BE45}.Debug|Any CPU.ActiveCfg = Debug|Any CPU
		{036D543F-DF4E-D474-9928-D3E6C255BE45}.Debug|Any CPU.Build.0 = Debug|Any CPU
		{036D543F-DF4E-D474-9928-D3E6C255BE45}.Release|Any CPU.ActiveCfg = Release|Any CPU
		{036D543F-DF4E-D474-9928-D3E6C255BE45}.Release|Any CPU.Build.0 = Release|Any CPU
		{1F9855E5-79DC-5DC1-CD3C-91FD3EB78B69}.Debug|Any CPU.ActiveCfg = Debug|Any CPU
		{1F9855E5-79DC-5DC1-CD3C-91FD3EB78B69}.Debug|Any CPU.Build.0 = Debug|Any CPU
		{1F9855E5-79DC-5DC1-CD3C-91FD3EB78B69}.Release|Any CPU.ActiveCfg = Release|Any CPU
		{1F9855E5-79DC-5DC1-CD3C-91FD3EB78B69}.Release|Any CPU.Build.0 = Release|Any CPU
		{C3E11C25-1ADC-4A4C-80D2-70F7A0AC93C5}.Debug|Any CPU.ActiveCfg = Debug|Any CPU
		{C3E11C25-1ADC-4A4C-80D2-70F7A0AC93C5}.Debug|Any CPU.Build.0 = Debug|Any CPU
		{C3E11C25-1ADC-4A4C-80D2-70F7A0AC93C5}.Release|Any CPU.ActiveCfg = Release|Any CPU
		{C3E11C25-1ADC-4A4C-80D2-70F7A0AC93C5}.Release|Any CPU.Build.0 = Release|Any CPU
	EndGlobalSection
	GlobalSection(SolutionProperties) = preSolution
		HideSolutionNode = FALSE
	EndGlobalSection
	GlobalSection(MonoDevelopProperties) = preSolution
		StartupItem = Assembly-CSharp.csproj
	EndGlobalSection
EndGlobal
